
Microsoft Visual Studio Solution File, Format Version 12.00
# Visual Studio Version 17
VisualStudioVersion = 17.11.35327.3
MinimumVisualStudioVersion = 10.0.40219.1
Project("{9A19103F-16F7-4668-BE54-9A1E7A4F7556}") = "GezondOpReis", "GezondOpReis.csproj", "{40A7480B-08AE-4E52-A088-F497DE9449C8}"
EndProject
Global
	GlobalSection(SolutionConfigurationPlatforms) = preSolution
		Debug|Any CPU = Debug|Any CPU
		Release|Any CPU = Release|Any CPU
	EndGlobalSection
	GlobalSection(ProjectConfigurationPlatforms) = postSolution
		{40A7480B-08AE-4E52-A088-F497DE9449C8}.Debug|Any CPU.ActiveCfg = Debug|Any CPU
		{40A7480B-08AE-4E52-A088-F497DE9449C8}.Debug|Any CPU.Build.0 = Debug|Any CPU
		{40A7480B-08AE-4E52-A088-F497DE9449C8}.Release|Any CPU.ActiveCfg = Release|Any CPU
		{40A7480B-08AE-4E52-A088-F497DE9449C8}.Release|Any CPU.Build.0 = Release|Any CPU
	EndGlobalSection
	GlobalSection(SolutionProperties) = preSolution
		HideSolutionNode = FALSE
	EndGlobalSection
	GlobalSection(ExtensibilityGlobals) = postSolution
		SolutionGuid = {7726DCC4-B91B-4337-B62A-A149173512E0}
	EndGlobalSection
EndGlobal
